
Microsoft Visual Studio Solution File, Format Version 12.00
# Visual Studio Version 17
VisualStudioVersion = 17.2.32526.322
MinimumVisualStudioVersion = 10.0.40219.1
Project("{9A19103F-16F7-4668-BE54-9A1E7A4F7556}") = "Astrana.Core.Application", "src\Astrana.Core.Application\Astrana.Core.Application.csproj", "{01FE7D90-62FD-4E2A-8013-EE3212C2B42A}"
EndProject
Project("{2150E333-8FDC-42A3-9474-1A3956D46DE8}") = "src", "src", "{6FB09B8E-5883-4D64-A146-54601D0DCAFC}"
EndProject
Project("{2150E333-8FDC-42A3-9474-1A3956D46DE8}") = "tests", "tests", "{89F29143-4EAC-4A6E-AEC5-F1EC255485F0}"
EndProject
Project("{2150E333-8FDC-42A3-9474-1A3956D46DE8}") = "docs", "docs", "{E8466BFF-CB0F-47F5-8896-5FD7EABDBCD8}"
	ProjectSection(SolutionItems) = preProject
		ACKNOWLEDGEMENTS.md = ACKNOWLEDGEMENTS.md
		CHANGELOG.md = CHANGELOG.md
		CODEOFCONDUCT.md = CODEOFCONDUCT.md
		CONTRIBUTING.md = CONTRIBUTING.md
		LICENSE = LICENSE
		README.md = README.md
	EndProjectSection
EndProject
Project("{9A19103F-16F7-4668-BE54-9A1E7A4F7556}") = "Astrana.Core.API.Tests", "tests\Astrana.Core.API.Tests\Astrana.Core.API.Tests.csproj", "{4197DBE0-8E92-462E-B047-68706A25B5FD}"
EndProject
Project("{2150E333-8FDC-42A3-9474-1A3956D46DE8}") = "build", "build", "{68B8FD5D-2D11-41FE-BA42-CC9B33AD164F}"
EndProject
Project("{9A19103F-16F7-4668-BE54-9A1E7A4F7556}") = "Astrana.Core", "src\Astrana.Core\Astrana.Core.csproj", "{9F402113-630B-42D5-A1DE-D9781AB64EA5}"
EndProject
Project("{9A19103F-16F7-4668-BE54-9A1E7A4F7556}") = "Astrana.Core.Data", "src\Astrana.Core.Data\Astrana.Core.Data.csproj", "{A58D6D16-775A-4166-9A09-658DA1EF2412}"
EndProject
Project("{9A19103F-16F7-4668-BE54-9A1E7A4F7556}") = "Astrana.Core.Infrastructure", "src\Astrana.Core.Infrastructure\Astrana.Core.Infrastructure.csproj", "{9DE42580-1F65-4FC8-BF9A-B2730B95852C}"
EndProject
Project("{9A19103F-16F7-4668-BE54-9A1E7A4F7556}") = "Astrana.Core.Infrastructure.Tests", "tests\Astrana.Core.Infrastructure.Tests\Astrana.Core.Infrastructure.Tests.csproj", "{1CBAB0DE-79FE-4EAB-B65E-FF113252680F}"
EndProject
Project("{9A19103F-16F7-4668-BE54-9A1E7A4F7556}") = "Astrana.Core.Tests", "tests\Astrana.Core.Tests\Astrana.Core.Tests.csproj", "{898BA420-7211-4226-954B-1FD636F690D2}"
EndProject
Project("{9A19103F-16F7-4668-BE54-9A1E7A4F7556}") = "Astrana.Core.Data.Tests", "tests\Astrana.Core.Data.Tests\Astrana.Core.Data.Tests.csproj", "{12587CDF-ABEC-4422-872D-20C7A3BAA9DA}"
EndProject
Project("{2150E333-8FDC-42A3-9474-1A3956D46DE8}") = "specs", "specs", "{9D91008B-74E5-47FF-A6F4-7535B0675D5C}"
EndProject
Project("{9A19103F-16F7-4668-BE54-9A1E7A4F7556}") = "Astrana.Core.Specs", "specs\Astrana.Core.Specs\Astrana.Core.Specs.csproj", "{B5084D3B-D87A-4212-AA0F-0AC81C1D2AA5}"
EndProject
Project("{9A19103F-16F7-4668-BE54-9A1E7A4F7556}") = "Astrana.Core.Domain", "src\Astrana.Core.Domain\Astrana.Core.Domain.csproj", "{2F5BFF7F-78C5-4614-9A92-E20B7188B844}"
EndProject
Project("{9A19103F-16F7-4668-BE54-9A1E7A4F7556}") = "Astrana.Core.Data.Migrations.PostgreSQL", "src\Astrana.Core.Data.Migrations.PostgreSQL\Astrana.Core.Data.Migrations.PostgreSQL.csproj", "{360F263C-7777-4B5A-931E-0D4BFE8D59A4}"
EndProject
Project("{9A19103F-16F7-4668-BE54-9A1E7A4F7556}") = "Astrana.Core.Data.Migrations.MySQL", "src\Astrana.Core.Data.Migrations.MySQL\Astrana.Core.Data.Migrations.MySQL.csproj", "{E2A03332-71C1-40ED-90E9-A66FAF388C77}"
EndProject
Project("{9A19103F-16F7-4668-BE54-9A1E7A4F7556}") = "Astrana.Core.Data.Migrations.MSSqlServer", "src\Astrana.Core.Data.Migrations.MSSqlServer\Astrana.Core.Data.Migrations.MSSqlServer.csproj", "{BA703EDE-56E0-487A-A80F-66397E0753EA}"
EndProject
Project("{9A19103F-16F7-4668-BE54-9A1E7A4F7556}") = "Astrana.Core.Domain.Tests", "tests\Astrana.Core.Domain.Tests\Astrana.Core.Domain.Tests.csproj", "{7D96D0A5-A2CC-4B9D-8087-8574B5838625}"
EndProject
Project("{9A19103F-16F7-4668-BE54-9A1E7A4F7556}") = "Astrana.Core.Domain.Models", "src\Astrana.Core.Domain.Models\Astrana.Core.Domain.Models.csproj", "{56EE50DC-E139-42E4-B957-0485DAEE5B17}"
EndProject
Project("{9A19103F-16F7-4668-BE54-9A1E7A4F7556}") = "Astrana.WindowsService", "src\Astrana.WindowsService\Astrana.WindowsService.csproj", "{EDCF8352-5BA4-49D8-843E-87C50F6B9C7F}"
EndProject
Project("{2150E333-8FDC-42A3-9474-1A3956D46DE8}") = "ssl", "ssl", "{360CBAD4-919F-4EFE-B04A-320CA837A68D}"
	ProjectSection(SolutionItems) = preProject
		build\ssl\generate-ssl-certificate.ps1 = build\ssl\generate-ssl-certificate.ps1
	EndProjectSection
EndProject
Project("{9A19103F-16F7-4668-BE54-9A1E7A4F7556}") = "Astrana.Core.API", "src\Astrana.Core.API\Astrana.Core.API.csproj", "{8ABE3587-3BB8-4276-9E25-BF18E2625B7C}"
EndProject
Project("{2150E333-8FDC-42A3-9474-1A3956D46DE8}") = "resources", "resources", "{37E79C9F-3C8F-42BC-AB69-156578BA9AD6}"
EndProject
Project("{2150E333-8FDC-42A3-9474-1A3956D46DE8}") = "tools", "tools", "{480475B4-1F7F-49D8-B3A0-482B234AB53D}"
EndProject
Project("{9A19103F-16F7-4668-BE54-9A1E7A4F7556}") = "Astrana.Tools", "tools\Astrana.Tools\Astrana.Tools.csproj", "{20049D6C-0E6E-41F1-AB1E-C6C0CBF1D240}"
EndProject
Global
	GlobalSection(SolutionConfigurationPlatforms) = preSolution
		Debug|Any CPU = Debug|Any CPU
		Release|Any CPU = Release|Any CPU
	EndGlobalSection
	GlobalSection(ProjectConfigurationPlatforms) = postSolution
		{01FE7D90-62FD-4E2A-8013-EE3212C2B42A}.Debug|Any CPU.ActiveCfg = Debug|Any CPU
		{01FE7D90-62FD-4E2A-8013-EE3212C2B42A}.Debug|Any CPU.Build.0 = Debug|Any CPU
		{01FE7D90-62FD-4E2A-8013-EE3212C2B42A}.Release|Any CPU.ActiveCfg = Release|Any CPU
		{01FE7D90-62FD-4E2A-8013-EE3212C2B42A}.Release|Any CPU.Build.0 = Release|Any CPU
		{4197DBE0-8E92-462E-B047-68706A25B5FD}.Debug|Any CPU.ActiveCfg = Debug|Any CPU
		{4197DBE0-8E92-462E-B047-68706A25B5FD}.Debug|Any CPU.Build.0 = Debug|Any CPU
		{4197DBE0-8E92-462E-B047-68706A25B5FD}.Release|Any CPU.ActiveCfg = Release|Any CPU
		{4197DBE0-8E92-462E-B047-68706A25B5FD}.Release|Any CPU.Build.0 = Release|Any CPU
		{9F402113-630B-42D5-A1DE-D9781AB64EA5}.Debug|Any CPU.ActiveCfg = Debug|Any CPU
		{9F402113-630B-42D5-A1DE-D9781AB64EA5}.Debug|Any CPU.Build.0 = Debug|Any CPU
		{9F402113-630B-42D5-A1DE-D9781AB64EA5}.Release|Any CPU.ActiveCfg = Release|Any CPU
		{9F402113-630B-42D5-A1DE-D9781AB64EA5}.Release|Any CPU.Build.0 = Release|Any CPU
		{A58D6D16-775A-4166-9A09-658DA1EF2412}.Debug|Any CPU.ActiveCfg = Debug|Any CPU
		{A58D6D16-775A-4166-9A09-658DA1EF2412}.Debug|Any CPU.Build.0 = Debug|Any CPU
		{A58D6D16-775A-4166-9A09-658DA1EF2412}.Release|Any CPU.ActiveCfg = Release|Any CPU
		{A58D6D16-775A-4166-9A09-658DA1EF2412}.Release|Any CPU.Build.0 = Release|Any CPU
		{9DE42580-1F65-4FC8-BF9A-B2730B95852C}.Debug|Any CPU.ActiveCfg = Debug|Any CPU
		{9DE42580-1F65-4FC8-BF9A-B2730B95852C}.Debug|Any CPU.Build.0 = Debug|Any CPU
		{9DE42580-1F65-4FC8-BF9A-B2730B95852C}.Release|Any CPU.ActiveCfg = Release|Any CPU
		{9DE42580-1F65-4FC8-BF9A-B2730B95852C}.Release|Any CPU.Build.0 = Release|Any CPU
		{1CBAB0DE-79FE-4EAB-B65E-FF113252680F}.Debug|Any CPU.ActiveCfg = Debug|Any CPU
		{1CBAB0DE-79FE-4EAB-B65E-FF113252680F}.Debug|Any CPU.Build.0 = Debug|Any CPU
		{1CBAB0DE-79FE-4EAB-B65E-FF113252680F}.Release|Any CPU.ActiveCfg = Release|Any CPU
		{1CBAB0DE-79FE-4EAB-B65E-FF113252680F}.Release|Any CPU.Build.0 = Release|Any CPU
		{898BA420-7211-4226-954B-1FD636F690D2}.Debug|Any CPU.ActiveCfg = Debug|Any CPU
		{898BA420-7211-4226-954B-1FD636F690D2}.Debug|Any CPU.Build.0 = Debug|Any CPU
		{898BA420-7211-4226-954B-1FD636F690D2}.Release|Any CPU.ActiveCfg = Release|Any CPU
		{898BA420-7211-4226-954B-1FD636F690D2}.Release|Any CPU.Build.0 = Release|Any CPU
		{12587CDF-ABEC-4422-872D-20C7A3BAA9DA}.Debug|Any CPU.ActiveCfg = Debug|Any CPU
		{12587CDF-ABEC-4422-872D-20C7A3BAA9DA}.Debug|Any CPU.Build.0 = Debug|Any CPU
		{12587CDF-ABEC-4422-872D-20C7A3BAA9DA}.Release|Any CPU.ActiveCfg = Release|Any CPU
		{12587CDF-ABEC-4422-872D-20C7A3BAA9DA}.Release|Any CPU.Build.0 = Release|Any CPU
		{B5084D3B-D87A-4212-AA0F-0AC81C1D2AA5}.Debug|Any CPU.ActiveCfg = Debug|Any CPU
		{B5084D3B-D87A-4212-AA0F-0AC81C1D2AA5}.Debug|Any CPU.Build.0 = Debug|Any CPU
		{B5084D3B-D87A-4212-AA0F-0AC81C1D2AA5}.Release|Any CPU.ActiveCfg = Release|Any CPU
		{B5084D3B-D87A-4212-AA0F-0AC81C1D2AA5}.Release|Any CPU.Build.0 = Release|Any CPU
		{2F5BFF7F-78C5-4614-9A92-E20B7188B844}.Debug|Any CPU.ActiveCfg = Debug|Any CPU
		{2F5BFF7F-78C5-4614-9A92-E20B7188B844}.Debug|Any CPU.Build.0 = Debug|Any CPU
		{2F5BFF7F-78C5-4614-9A92-E20B7188B844}.Release|Any CPU.ActiveCfg = Release|Any CPU
		{2F5BFF7F-78C5-4614-9A92-E20B7188B844}.Release|Any CPU.Build.0 = Release|Any CPU
		{360F263C-7777-4B5A-931E-0D4BFE8D59A4}.Debug|Any CPU.ActiveCfg = Debug|Any CPU
		{360F263C-7777-4B5A-931E-0D4BFE8D59A4}.Debug|Any CPU.Build.0 = Debug|Any CPU
		{360F263C-7777-4B5A-931E-0D4BFE8D59A4}.Release|Any CPU.ActiveCfg = Release|Any CPU
		{360F263C-7777-4B5A-931E-0D4BFE8D59A4}.Release|Any CPU.Build.0 = Release|Any CPU
		{E2A03332-71C1-40ED-90E9-A66FAF388C77}.Debug|Any CPU.ActiveCfg = Debug|Any CPU
		{E2A03332-71C1-40ED-90E9-A66FAF388C77}.Debug|Any CPU.Build.0 = Debug|Any CPU
		{E2A03332-71C1-40ED-90E9-A66FAF388C77}.Release|Any CPU.ActiveCfg = Release|Any CPU
		{E2A03332-71C1-40ED-90E9-A66FAF388C77}.Release|Any CPU.Build.0 = Release|Any CPU
		{BA703EDE-56E0-487A-A80F-66397E0753EA}.Debug|Any CPU.ActiveCfg = Debug|Any CPU
		{BA703EDE-56E0-487A-A80F-66397E0753EA}.Debug|Any CPU.Build.0 = Debug|Any CPU
		{BA703EDE-56E0-487A-A80F-66397E0753EA}.Release|Any CPU.ActiveCfg = Release|Any CPU
		{BA703EDE-56E0-487A-A80F-66397E0753EA}.Release|Any CPU.Build.0 = Release|Any CPU
		{7D96D0A5-A2CC-4B9D-8087-8574B5838625}.Debug|Any CPU.ActiveCfg = Debug|Any CPU
		{7D96D0A5-A2CC-4B9D-8087-8574B5838625}.Debug|Any CPU.Build.0 = Debug|Any CPU
		{7D96D0A5-A2CC-4B9D-8087-8574B5838625}.Release|Any CPU.ActiveCfg = Release|Any CPU
		{7D96D0A5-A2CC-4B9D-8087-8574B5838625}.Release|Any CPU.Build.0 = Release|Any CPU
		{56EE50DC-E139-42E4-B957-0485DAEE5B17}.Debug|Any CPU.ActiveCfg = Debug|Any CPU
		{56EE50DC-E139-42E4-B957-0485DAEE5B17}.Debug|Any CPU.Build.0 = Debug|Any CPU
		{56EE50DC-E139-42E4-B957-0485DAEE5B17}.Release|Any CPU.ActiveCfg = Release|Any CPU
		{56EE50DC-E139-42E4-B957-0485DAEE5B17}.Release|Any CPU.Build.0 = Release|Any CPU
		{EDCF8352-5BA4-49D8-843E-87C50F6B9C7F}.Debug|Any CPU.ActiveCfg = Debug|Any CPU
		{EDCF8352-5BA4-49D8-843E-87C50F6B9C7F}.Debug|Any CPU.Build.0 = Debug|Any CPU
		{EDCF8352-5BA4-49D8-843E-87C50F6B9C7F}.Release|Any CPU.ActiveCfg = Release|Any CPU
		{EDCF8352-5BA4-49D8-843E-87C50F6B9C7F}.Release|Any CPU.Build.0 = Release|Any CPU
		{8ABE3587-3BB8-4276-9E25-BF18E2625B7C}.Debug|Any CPU.ActiveCfg = Debug|Any CPU
		{8ABE3587-3BB8-4276-9E25-BF18E2625B7C}.Debug|Any CPU.Build.0 = Debug|Any CPU
		{8ABE3587-3BB8-4276-9E25-BF18E2625B7C}.Release|Any CPU.ActiveCfg = Release|Any CPU
		{8ABE3587-3BB8-4276-9E25-BF18E2625B7C}.Release|Any CPU.Build.0 = Release|Any CPU
		{20049D6C-0E6E-41F1-AB1E-C6C0CBF1D240}.Debug|Any CPU.ActiveCfg = Debug|Any CPU
		{20049D6C-0E6E-41F1-AB1E-C6C0CBF1D240}.Debug|Any CPU.Build.0 = Debug|Any CPU
		{20049D6C-0E6E-41F1-AB1E-C6C0CBF1D240}.Release|Any CPU.ActiveCfg = Release|Any CPU
		{20049D6C-0E6E-41F1-AB1E-C6C0CBF1D240}.Release|Any CPU.Build.0 = Release|Any CPU
	EndGlobalSection
	GlobalSection(SolutionProperties) = preSolution
		HideSolutionNode = FALSE
	EndGlobalSection
	GlobalSection(NestedProjects) = preSolution
		{01FE7D90-62FD-4E2A-8013-EE3212C2B42A} = {6FB09B8E-5883-4D64-A146-54601D0DCAFC}
		{4197DBE0-8E92-462E-B047-68706A25B5FD} = {89F29143-4EAC-4A6E-AEC5-F1EC255485F0}
		{9F402113-630B-42D5-A1DE-D9781AB64EA5} = {6FB09B8E-5883-4D64-A146-54601D0DCAFC}
		{A58D6D16-775A-4166-9A09-658DA1EF2412} = {6FB09B8E-5883-4D64-A146-54601D0DCAFC}
		{9DE42580-1F65-4FC8-BF9A-B2730B95852C} = {6FB09B8E-5883-4D64-A146-54601D0DCAFC}
		{1CBAB0DE-79FE-4EAB-B65E-FF113252680F} = {89F29143-4EAC-4A6E-AEC5-F1EC255485F0}
		{898BA420-7211-4226-954B-1FD636F690D2} = {89F29143-4EAC-4A6E-AEC5-F1EC255485F0}
		{12587CDF-ABEC-4422-872D-20C7A3BAA9DA} = {89F29143-4EAC-4A6E-AEC5-F1EC255485F0}
		{B5084D3B-D87A-4212-AA0F-0AC81C1D2AA5} = {9D91008B-74E5-47FF-A6F4-7535B0675D5C}
		{2F5BFF7F-78C5-4614-9A92-E20B7188B844} = {6FB09B8E-5883-4D64-A146-54601D0DCAFC}
		{360F263C-7777-4B5A-931E-0D4BFE8D59A4} = {6FB09B8E-5883-4D64-A146-54601D0DCAFC}
		{E2A03332-71C1-40ED-90E9-A66FAF388C77} = {6FB09B8E-5883-4D64-A146-54601D0DCAFC}
		{BA703EDE-56E0-487A-A80F-66397E0753EA} = {6FB09B8E-5883-4D64-A146-54601D0DCAFC}
		{7D96D0A5-A2CC-4B9D-8087-8574B5838625} = {89F29143-4EAC-4A6E-AEC5-F1EC255485F0}
		{56EE50DC-E139-42E4-B957-0485DAEE5B17} = {6FB09B8E-5883-4D64-A146-54601D0DCAFC}
		{EDCF8352-5BA4-49D8-843E-87C50F6B9C7F} = {6FB09B8E-5883-4D64-A146-54601D0DCAFC}
		{360CBAD4-919F-4EFE-B04A-320CA837A68D} = {68B8FD5D-2D11-41FE-BA42-CC9B33AD164F}
		{8ABE3587-3BB8-4276-9E25-BF18E2625B7C} = {6FB09B8E-5883-4D64-A146-54601D0DCAFC}
		{20049D6C-0E6E-41F1-AB1E-C6C0CBF1D240} = {480475B4-1F7F-49D8-B3A0-482B234AB53D}
	EndGlobalSection
	GlobalSection(ExtensibilityGlobals) = postSolution
		SolutionGuid = {F4DBE3E0-7395-4D6D-ABD2-FB802F2B575C}
	EndGlobalSection
EndGlobal
